github.com/Kr328/tun2socket v0.0.0-20230614191318-dddbfaa28112 h1:t5G3bbYkAATSwz6T1lpnu/13Nhld820vlly59ed8gEE=
github.com/Kr328/tun2socket v0.0.0-20230614191318-dddbfaa28112/go.mod h1:OiXWFyELCxLtcGoZmRzq9gDYs1QSlJ6FsQ83G9wYGeM=
golang.org/x/sys v0.31.0 h1:ioabZlmFYtWhL+TRYpcnNlLwhyxaM9kWTDEmfnprqik=
golang.org/x/sys v0.31.0/go.mod h1:BJP2sWEmIv4KK5OTEluFJCKSidICx8ciO85XgH3Ak8k=
